
Microsoft Visual Studio Solution File, Format Version 12.00
# Visual Studio Version 17
VisualStudioVersion = 17.11.35327.3
MinimumVisualStudioVersion = 10.0.40219.1
Project("{9A19103F-16F7-4668-BE54-9A1E7A4F7556}") = "TreyThomasCodes.Nt8Automater", "TreyThomasCodes.Nt8Automater\TreyThomasCodes.Nt8Automater.csproj", "{943E9164-5D8E-4BE5-A82B-08445D82FAA5}"
EndProject
Global
	GlobalSection(SolutionConfigurationPlatforms) = preSolution
		Debug|Any CPU = Debug|Any CPU
		Release|Any CPU = Release|Any CPU
	EndGlobalSection
	GlobalSection(ProjectConfigurationPlatforms) = postSolution
		{943E9164-5D8E-4BE5-A82B-08445D82FAA5}.Debug|Any CPU.ActiveCfg = Debug|Any CPU
		{943E9164-5D8E-4BE5-A82B-08445D82FAA5}.Debug|Any CPU.Build.0 = Debug|Any CPU
		{943E9164-5D8E-4BE5-A82B-08445D82FAA5}.Release|Any CPU.ActiveCfg = Release|Any CPU
		{943E9164-5D8E-4BE5-A82B-08445D82FAA5}.Release|Any CPU.Build.0 = Release|Any CPU
	EndGlobalSection
	GlobalSection(SolutionProperties) = preSolution
		HideSolutionNode = FALSE
	EndGlobalSection
	GlobalSection(ExtensibilityGlobals) = postSolution
		SolutionGuid = {9E41C6FE-9C12-421B-949C-E2AAE42E6F4E}
	EndGlobalSection
EndGlobal
